
Microsoft Visual Studio Solution File, Format Version 12.00
# Visual Studio Version 16
VisualStudioVersion = 16.0.31624.102
MinimumVisualStudioVersion = 10.0.40219.1
Project("{FAE04EC0-301F-11D3-BF4B-00C04F79EFBC}") = "Fibonacci", "Fibonacci\Fibonacci.csproj", "{D5A2999D-C888-40AF-9B99-177CD0DF6D33}"
EndProject
Global
	GlobalSection(SolutionConfigurationPlatforms) = preSolution
		Debug|Any CPU = Debug|Any CPU
		Release|Any CPU = Release|Any CPU
	EndGlobalSection
	GlobalSection(ProjectConfigurationPlatforms) = postSolution
		{D5A2999D-C888-40AF-9B99-177CD0DF6D33}.Debug|Any CPU.ActiveCfg = Debug|Any CPU
		{D5A2999D-C888-40AF-9B99-177CD0DF6D33}.Debug|Any CPU.Build.0 = Debug|Any CPU
		{D5A2999D-C888-40AF-9B99-177CD0DF6D33}.Release|Any CPU.ActiveCfg = Release|Any CPU
		{D5A2999D-C888-40AF-9B99-177CD0DF6D33}.Release|Any CPU.Build.0 = Release|Any CPU
	EndGlobalSection
	GlobalSection(SolutionProperties) = preSolution
		HideSolutionNode = FALSE
	EndGlobalSection
	GlobalSection(ExtensibilityGlobals) = postSolution
		SolutionGuid = {A2958564-D3AA-405F-9335-5D152EA6A75B}
	EndGlobalSection
EndGlobal
